
Microsoft Visual Studio Solution File, Format Version 12.00
# Visual Studio Version 16
VisualStudioVersion = 16.0.30711.63
MinimumVisualStudioVersion = 10.0.40219.1
Project("{FAE04EC0-301F-11D3-BF4B-00C04F79EFBC}") = "LOGEX-Interview-Task", "LOGEX-Interview-Task.csproj", "{946F87EC-DC4C-4E9B-9083-BAE12D437BC5}"
EndProject
Project("{FAE04EC0-301F-11D3-BF4B-00C04F79EFBC}") = "LOGEX-Interview-TaskTests", "..\LOGEX-Interview-TaskTests\LOGEX-Interview-TaskTests.csproj", "{304FB5C5-B6CC-4915-B36B-FAAE1CC800DD}"
EndProject
Global
	GlobalSection(SolutionConfigurationPlatforms) = preSolution
		Debug|Any CPU = Debug|Any CPU
		Release|Any CPU = Release|Any CPU
	EndGlobalSection
	GlobalSection(ProjectConfigurationPlatforms) = postSolution
		{946F87EC-DC4C-4E9B-9083-BAE12D437BC5}.Debug|Any CPU.ActiveCfg = Debug|Any CPU
		{946F87EC-DC4C-4E9B-9083-BAE12D437BC5}.Debug|Any CPU.Build.0 = Debug|Any CPU
		{946F87EC-DC4C-4E9B-9083-BAE12D437BC5}.Release|Any CPU.ActiveCfg = Release|Any CPU
		{946F87EC-DC4C-4E9B-9083-BAE12D437BC5}.Release|Any CPU.Build.0 = Release|Any CPU
		{304FB5C5-B6CC-4915-B36B-FAAE1CC800DD}.Debug|Any CPU.ActiveCfg = Debug|Any CPU
		{304FB5C5-B6CC-4915-B36B-FAAE1CC800DD}.Debug|Any CPU.Build.0 = Debug|Any CPU
		{304FB5C5-B6CC-4915-B36B-FAAE1CC800DD}.Release|Any CPU.ActiveCfg = Release|Any CPU
		{304FB5C5-B6CC-4915-B36B-FAAE1CC800DD}.Release|Any CPU.Build.0 = Release|Any CPU
	EndGlobalSection
	GlobalSection(SolutionProperties) = preSolution
		HideSolutionNode = FALSE
	EndGlobalSection
	GlobalSection(ExtensibilityGlobals) = postSolution
		SolutionGuid = {2ED55D53-2EB4-4E7F-878F-5A50EE3D9BB3}
	EndGlobalSection
EndGlobal
